
Microsoft Visual Studio Solution File, Format Version 11.00
# Visual Studio 2010
Project("{FAE04EC0-301F-11D3-BF4B-00C04F79EFBC}") = "BOAC_WebApp1", "BOAC_WebApp1\BOAC_WebApp1.csproj", "{2BFF603B-B60D-4E49-A69B-4111ACFB8516}"
EndProject
Global
	GlobalSection(SolutionConfigurationPlatforms) = preSolution
		Debug|Any CPU = Debug|Any CPU
		Release|Any CPU = Release|Any CPU
	EndGlobalSection
	GlobalSection(ProjectConfigurationPlatforms) = postSolution
		{2BFF603B-B60D-4E49-A69B-4111ACFB8516}.Debug|Any CPU.ActiveCfg = Debug|Any CPU
		{2BFF603B-B60D-4E49-A69B-4111ACFB8516}.Debug|Any CPU.Build.0 = Debug|Any CPU
		{2BFF603B-B60D-4E49-A69B-4111ACFB8516}.Release|Any CPU.ActiveCfg = Release|Any CPU
		{2BFF603B-B60D-4E49-A69B-4111ACFB8516}.Release|Any CPU.Build.0 = Release|Any CPU
	EndGlobalSection
	GlobalSection(SolutionProperties) = preSolution
		HideSolutionNode = FALSE
	EndGlobalSection
EndGlobal
